
Microsoft Visual Studio Solution File, Format Version 12.00
# Visual Studio Version 17
VisualStudioVersion = 17.1.32210.238
MinimumVisualStudioVersion = 10.0.40219.1
Project("{FAE04EC0-301F-11D3-BF4B-00C04F79EFBC}") = "AddressBookUC-3", "AddressBookUC-3.csproj", "{14933EB6-D15B-4C7F-8782-78200E4456FE}"
EndProject
Global
	GlobalSection(SolutionConfigurationPlatforms) = preSolution
		Debug|Any CPU = Debug|Any CPU
		Release|Any CPU = Release|Any CPU
	EndGlobalSection
	GlobalSection(ProjectConfigurationPlatforms) = postSolution
		{14933EB6-D15B-4C7F-8782-78200E4456FE}.Debug|Any CPU.ActiveCfg = Debug|Any CPU
		{14933EB6-D15B-4C7F-8782-78200E4456FE}.Debug|Any CPU.Build.0 = Debug|Any CPU
		{14933EB6-D15B-4C7F-8782-78200E4456FE}.Release|Any CPU.ActiveCfg = Release|Any CPU
		{14933EB6-D15B-4C7F-8782-78200E4456FE}.Release|Any CPU.Build.0 = Release|Any CPU
	EndGlobalSection
	GlobalSection(SolutionProperties) = preSolution
		HideSolutionNode = FALSE
	EndGlobalSection
	GlobalSection(ExtensibilityGlobals) = postSolution
		SolutionGuid = {60855497-4CA2-4932-B3CB-CCCCBE16E35E}
	EndGlobalSection
EndGlobal
